
Microsoft Visual Studio Solution File, Format Version 12.00
# Visual Studio Version 17
VisualStudioVersion = 17.8.34330.188
MinimumVisualStudioVersion = 10.0.40219.1
Project("{9A19103F-16F7-4668-BE54-9A1E7A4F7556}") = "Terre00", "Terre00\Terre00.csproj", "{4BDC366B-46AF-434B-8167-A2C6C40416C3}"
EndProject
Project("{9A19103F-16F7-4668-BE54-9A1E7A4F7556}") = "Terre01", "Terre01\Terre01.csproj", "{E4326FF0-F6B7-41EE-A745-004C3690281E}"
EndProject
Project("{2150E333-8FDC-42A3-9474-1A3956D46DE8}") = "Terre", "Terre", "{67695390-F6A6-42F7-9943-C9AF46CBC7A0}"
EndProject
Project("{9A19103F-16F7-4668-BE54-9A1E7A4F7556}") = "Terre02", "Terre02\Terre02.csproj", "{ABC8F84B-7F2F-443F-81B7-A9F98B399F19}"
EndProject
Project("{9A19103F-16F7-4668-BE54-9A1E7A4F7556}") = "Terre03", "Terre03\Terre03.csproj", "{FCCA94B7-6E16-4C4A-AF66-48598C134DEF}"
EndProject
Project("{9A19103F-16F7-4668-BE54-9A1E7A4F7556}") = "Terre04", "Terre04\Terre04.csproj", "{29E95E30-5547-409E-B506-5FE96EFFD200}"
EndProject
Project("{9A19103F-16F7-4668-BE54-9A1E7A4F7556}") = "Terre05", "Terre05\Terre05.csproj", "{CAC549A6-5459-443C-A0C7-5960D639BE8B}"
EndProject
Project("{9A19103F-16F7-4668-BE54-9A1E7A4F7556}") = "Terre06", "Terre06\Terre06.csproj", "{A0DDA72A-5BB0-4A90-9A0A-184F1499036B}"
EndProject
Project("{FAE04EC0-301F-11D3-BF4B-00C04F79EFBC}") = "Terre07", "Terre07\Terre07.csproj", "{0680534E-A80A-4F0E-AA7E-F08048C2D9E5}"
EndProject
Project("{FAE04EC0-301F-11D3-BF4B-00C04F79EFBC}") = "Terre08", "Terre08\Terre08.csproj", "{F8B1354E-A634-4741-9560-FA4B7D81148A}"
EndProject
Project("{FAE04EC0-301F-11D3-BF4B-00C04F79EFBC}") = "Terre09", "Terre09\Terre09.csproj", "{FC2C19ED-E774-48C5-BB72-4AC81581347B}"
EndProject
Project("{FAE04EC0-301F-11D3-BF4B-00C04F79EFBC}") = "Terre10", "Terre10\Terre10.csproj", "{280760D0-D3DD-45AF-B01C-13A75BA486D3}"
EndProject
Global
	GlobalSection(SolutionConfigurationPlatforms) = preSolution
		Debug|Any CPU = Debug|Any CPU
		Release|Any CPU = Release|Any CPU
	EndGlobalSection
	GlobalSection(ProjectConfigurationPlatforms) = postSolution
		{4BDC366B-46AF-434B-8167-A2C6C40416C3}.Debug|Any CPU.ActiveCfg = Debug|Any CPU
		{4BDC366B-46AF-434B-8167-A2C6C40416C3}.Debug|Any CPU.Build.0 = Debug|Any CPU
		{4BDC366B-46AF-434B-8167-A2C6C40416C3}.Release|Any CPU.ActiveCfg = Release|Any CPU
		{4BDC366B-46AF-434B-8167-A2C6C40416C3}.Release|Any CPU.Build.0 = Release|Any CPU
		{E4326FF0-F6B7-41EE-A745-004C3690281E}.Debug|Any CPU.ActiveCfg = Debug|Any CPU
		{E4326FF0-F6B7-41EE-A745-004C3690281E}.Debug|Any CPU.Build.0 = Debug|Any CPU
		{E4326FF0-F6B7-41EE-A745-004C3690281E}.Release|Any CPU.ActiveCfg = Release|Any CPU
		{E4326FF0-F6B7-41EE-A745-004C3690281E}.Release|Any CPU.Build.0 = Release|Any CPU
		{ABC8F84B-7F2F-443F-81B7-A9F98B399F19}.Debug|Any CPU.ActiveCfg = Debug|Any CPU
		{ABC8F84B-7F2F-443F-81B7-A9F98B399F19}.Debug|Any CPU.Build.0 = Debug|Any CPU
		{ABC8F84B-7F2F-443F-81B7-A9F98B399F19}.Release|Any CPU.ActiveCfg = Release|Any CPU
		{ABC8F84B-7F2F-443F-81B7-A9F98B399F19}.Release|Any CPU.Build.0 = Release|Any CPU
		{FCCA94B7-6E16-4C4A-AF66-48598C134DEF}.Debug|Any CPU.ActiveCfg = Debug|Any CPU
		{FCCA94B7-6E16-4C4A-AF66-48598C134DEF}.Debug|Any CPU.Build.0 = Debug|Any CPU
		{FCCA94B7-6E16-4C4A-AF66-48598C134DEF}.Release|Any CPU.ActiveCfg = Release|Any CPU
		{FCCA94B7-6E16-4C4A-AF66-48598C134DEF}.Release|Any CPU.Build.0 = Release|Any CPU
		{29E95E30-5547-409E-B506-5FE96EFFD200}.Debug|Any CPU.ActiveCfg = Debug|Any CPU
		{29E95E30-5547-409E-B506-5FE96EFFD200}.Debug|Any CPU.Build.0 = Debug|Any CPU
		{29E95E30-5547-409E-B506-5FE96EFFD200}.Release|Any CPU.ActiveCfg = Release|Any CPU
		{29E95E30-5547-409E-B506-5FE96EFFD200}.Release|Any CPU.Build.0 = Release|Any CPU
		{CAC549A6-5459-443C-A0C7-5960D639BE8B}.Debug|Any CPU.ActiveCfg = Debug|Any CPU
		{CAC549A6-5459-443C-A0C7-5960D639BE8B}.Debug|Any CPU.Build.0 = Debug|Any CPU
		{CAC549A6-5459-443C-A0C7-5960D639BE8B}.Release|Any CPU.ActiveCfg = Release|Any CPU
		{CAC549A6-5459-443C-A0C7-5960D639BE8B}.Release|Any CPU.Build.0 = Release|Any CPU
		{A0DDA72A-5BB0-4A90-9A0A-184F1499036B}.Debug|Any CPU.ActiveCfg = Debug|Any CPU
		{A0DDA72A-5BB0-4A90-9A0A-184F1499036B}.Debug|Any CPU.Build.0 = Debug|Any CPU
		{A0DDA72A-5BB0-4A90-9A0A-184F1499036B}.Release|Any CPU.ActiveCfg = Release|Any CPU
		{A0DDA72A-5BB0-4A90-9A0A-184F1499036B}.Release|Any CPU.Build.0 = Release|Any CPU
		{0680534E-A80A-4F0E-AA7E-F08048C2D9E5}.Debug|Any CPU.ActiveCfg = Debug|Any CPU
		{0680534E-A80A-4F0E-AA7E-F08048C2D9E5}.Debug|Any CPU.Build.0 = Debug|Any CPU
		{0680534E-A80A-4F0E-AA7E-F08048C2D9E5}.Release|Any CPU.ActiveCfg = Release|Any CPU
		{0680534E-A80A-4F0E-AA7E-F08048C2D9E5}.Release|Any CPU.Build.0 = Release|Any CPU
		{F8B1354E-A634-4741-9560-FA4B7D81148A}.Debug|Any CPU.ActiveCfg = Debug|Any CPU
		{F8B1354E-A634-4741-9560-FA4B7D81148A}.Debug|Any CPU.Build.0 = Debug|Any CPU
		{F8B1354E-A634-4741-9560-FA4B7D81148A}.Release|Any CPU.ActiveCfg = Release|Any CPU
		{F8B1354E-A634-4741-9560-FA4B7D81148A}.Release|Any CPU.Build.0 = Release|Any CPU
		{FC2C19ED-E774-48C5-BB72-4AC81581347B}.Debug|Any CPU.ActiveCfg = Debug|Any CPU
		{FC2C19ED-E774-48C5-BB72-4AC81581347B}.Debug|Any CPU.Build.0 = Debug|Any CPU
		{FC2C19ED-E774-48C5-BB72-4AC81581347B}.Release|Any CPU.ActiveCfg = Release|Any CPU
		{FC2C19ED-E774-48C5-BB72-4AC81581347B}.Release|Any CPU.Build.0 = Release|Any CPU
		{280760D0-D3DD-45AF-B01C-13A75BA486D3}.Debug|Any CPU.ActiveCfg = Debug|Any CPU
		{280760D0-D3DD-45AF-B01C-13A75BA486D3}.Debug|Any CPU.Build.0 = Debug|Any CPU
		{280760D0-D3DD-45AF-B01C-13A75BA486D3}.Release|Any CPU.ActiveCfg = Release|Any CPU
		{280760D0-D3DD-45AF-B01C-13A75BA486D3}.Release|Any CPU.Build.0 = Release|Any CPU
	EndGlobalSection
	GlobalSection(SolutionProperties) = preSolution
		HideSolutionNode = FALSE
	EndGlobalSection
	GlobalSection(NestedProjects) = preSolution
		{4BDC366B-46AF-434B-8167-A2C6C40416C3} = {67695390-F6A6-42F7-9943-C9AF46CBC7A0}
		{E4326FF0-F6B7-41EE-A745-004C3690281E} = {67695390-F6A6-42F7-9943-C9AF46CBC7A0}
		{ABC8F84B-7F2F-443F-81B7-A9F98B399F19} = {67695390-F6A6-42F7-9943-C9AF46CBC7A0}
		{FCCA94B7-6E16-4C4A-AF66-48598C134DEF} = {67695390-F6A6-42F7-9943-C9AF46CBC7A0}
		{29E95E30-5547-409E-B506-5FE96EFFD200} = {67695390-F6A6-42F7-9943-C9AF46CBC7A0}
		{CAC549A6-5459-443C-A0C7-5960D639BE8B} = {67695390-F6A6-42F7-9943-C9AF46CBC7A0}
		{A0DDA72A-5BB0-4A90-9A0A-184F1499036B} = {67695390-F6A6-42F7-9943-C9AF46CBC7A0}
		{0680534E-A80A-4F0E-AA7E-F08048C2D9E5} = {67695390-F6A6-42F7-9943-C9AF46CBC7A0}
		{F8B1354E-A634-4741-9560-FA4B7D81148A} = {67695390-F6A6-42F7-9943-C9AF46CBC7A0}
		{FC2C19ED-E774-48C5-BB72-4AC81581347B} = {67695390-F6A6-42F7-9943-C9AF46CBC7A0}
		{280760D0-D3DD-45AF-B01C-13A75BA486D3} = {67695390-F6A6-42F7-9943-C9AF46CBC7A0}
	EndGlobalSection
	GlobalSection(ExtensibilityGlobals) = postSolution
		SolutionGuid = {A1D9A089-DBD6-46E2-ABB5-895D327CF449}
	EndGlobalSection
EndGlobal
