
Microsoft Visual Studio Solution File, Format Version 12.00
# Visual Studio Version 17
VisualStudioVersion = 17.8.34330.188
MinimumVisualStudioVersion = 10.0.40219.1
Project("{9A19103F-16F7-4668-BE54-9A1E7A4F7556}") = "Terre00", "Terre00\Terre00.csproj", "{4BDC366B-46AF-434B-8167-A2C6C40416C3}"
EndProject
Project("{9A19103F-16F7-4668-BE54-9A1E7A4F7556}") = "Terre01", "Terre01\Terre01.csproj", "{E4326FF0-F6B7-41EE-A745-004C3690281E}"
EndProject
Project("{2150E333-8FDC-42A3-9474-1A3956D46DE8}") = "TERRE", "TERRE", "{67695390-F6A6-42F7-9943-C9AF46CBC7A0}"
EndProject
Project("{9A19103F-16F7-4668-BE54-9A1E7A4F7556}") = "Terre02", "Terre02\Terre02.csproj", "{ABC8F84B-7F2F-443F-81B7-A9F98B399F19}"
EndProject
Project("{9A19103F-16F7-4668-BE54-9A1E7A4F7556}") = "Terre03", "Terre03\Terre03.csproj", "{FCCA94B7-6E16-4C4A-AF66-48598C134DEF}"
EndProject
Project("{9A19103F-16F7-4668-BE54-9A1E7A4F7556}") = "Terre04", "Terre04\Terre04.csproj", "{29E95E30-5547-409E-B506-5FE96EFFD200}"
EndProject
Project("{9A19103F-16F7-4668-BE54-9A1E7A4F7556}") = "Terre05", "Terre05\Terre05.csproj", "{CAC549A6-5459-443C-A0C7-5960D639BE8B}"
EndProject
Project("{9A19103F-16F7-4668-BE54-9A1E7A4F7556}") = "Terre06", "Terre06\Terre06.csproj", "{A0DDA72A-5BB0-4A90-9A0A-184F1499036B}"
EndProject
Project("{9A19103F-16F7-4668-BE54-9A1E7A4F7556}") = "Terre07", "Terre07\Terre07.csproj", "{0680534E-A80A-4F0E-AA7E-F08048C2D9E5}"
EndProject
Project("{9A19103F-16F7-4668-BE54-9A1E7A4F7556}") = "Terre08", "Terre08\Terre08.csproj", "{F8B1354E-A634-4741-9560-FA4B7D81148A}"
EndProject
Project("{9A19103F-16F7-4668-BE54-9A1E7A4F7556}") = "Terre09", "Terre09\Terre09.csproj", "{FC2C19ED-E774-48C5-BB72-4AC81581347B}"
EndProject
Project("{9A19103F-16F7-4668-BE54-9A1E7A4F7556}") = "Terre10", "Terre10\Terre10.csproj", "{280760D0-D3DD-45AF-B01C-13A75BA486D3}"
EndProject
Project("{9A19103F-16F7-4668-BE54-9A1E7A4F7556}") = "Terre11", "Terre11\Terre11.csproj", "{2F97FF0F-F92A-4EC6-A7A5-5C269E65CE97}"
EndProject
Project("{9A19103F-16F7-4668-BE54-9A1E7A4F7556}") = "Terre12", "Terre12\Terre12.csproj", "{F72D471B-F724-4B03-B57B-0B22C9314D4A}"
EndProject
Project("{9A19103F-16F7-4668-BE54-9A1E7A4F7556}") = "Terre13", "Terre13\Terre13.csproj", "{D91D5A84-A97E-4A76-A1CD-9AB2DE164125}"
EndProject
Project("{9A19103F-16F7-4668-BE54-9A1E7A4F7556}") = "Terre14", "Terre14\Terre14.csproj", "{3A02193A-DE1E-4EF1-8EBD-ACB6E7D316A4}"
EndProject
Project("{9A19103F-16F7-4668-BE54-9A1E7A4F7556}") = "Terre15", "Terre15\Terre15.csproj", "{84B556E7-ABD6-4F38-AE0B-C20448E7823C}"
EndProject
Project("{2150E333-8FDC-42A3-9474-1A3956D46DE8}") = "AIR", "AIR", "{76BBE6A5-82EF-4AFA-890A-CC2DF51FADC3}"
EndProject
Project("{FAE04EC0-301F-11D3-BF4B-00C04F79EFBC}") = "Air00", "Air00\Air00.csproj", "{E517BA57-0C22-4C6A-9E4D-2D1C66E65666}"
EndProject
Project("{FAE04EC0-301F-11D3-BF4B-00C04F79EFBC}") = "Air01", "Air01\Air01.csproj", "{36CFA3C0-6FDB-49DE-BDF5-AC3980636A88}"
EndProject
Project("{FAE04EC0-301F-11D3-BF4B-00C04F79EFBC}") = "Air02", "Air02\Air02.csproj", "{CE4C99C7-09F4-47D0-AD68-3A48CB430FC9}"
EndProject
Project("{FAE04EC0-301F-11D3-BF4B-00C04F79EFBC}") = "Air03", "Air03\Air03.csproj", "{B2C4659A-302C-4388-B18D-15A465D725FC}"
EndProject
Project("{2150E333-8FDC-42A3-9474-1A3956D46DE8}") = "EAU", "EAU", "{D75A8E4E-9425-4BD2-903E-DA46359BFEE3}"
EndProject
Project("{FAE04EC0-301F-11D3-BF4B-00C04F79EFBC}") = "Eau00", "Eau00\Eau00.csproj", "{3B040E73-C250-44C6-AE56-C8DFE6049649}"
EndProject
Project("{FAE04EC0-301F-11D3-BF4B-00C04F79EFBC}") = "Eau01", "Eau01\Eau01.csproj", "{76D5BB15-AEAC-44FD-96AA-D06908D23EA2}"
EndProject
Project("{FAE04EC0-301F-11D3-BF4B-00C04F79EFBC}") = "Eau02", "Eau02\Eau02.csproj", "{56C4D696-544C-44E0-A72A-5B9ABC696F5D}"
EndProject
Project("{FAE04EC0-301F-11D3-BF4B-00C04F79EFBC}") = "Eau03", "Eau03\Eau03.csproj", "{6F5B92F0-3A99-4B22-92E0-4056455CCB59}"
EndProject
Global
	GlobalSection(SolutionConfigurationPlatforms) = preSolution
		Debug|Any CPU = Debug|Any CPU
		Release|Any CPU = Release|Any CPU
	EndGlobalSection
	GlobalSection(ProjectConfigurationPlatforms) = postSolution
		{4BDC366B-46AF-434B-8167-A2C6C40416C3}.Debug|Any CPU.ActiveCfg = Debug|Any CPU
		{4BDC366B-46AF-434B-8167-A2C6C40416C3}.Debug|Any CPU.Build.0 = Debug|Any CPU
		{4BDC366B-46AF-434B-8167-A2C6C40416C3}.Release|Any CPU.ActiveCfg = Release|Any CPU
		{4BDC366B-46AF-434B-8167-A2C6C40416C3}.Release|Any CPU.Build.0 = Release|Any CPU
		{E4326FF0-F6B7-41EE-A745-004C3690281E}.Debug|Any CPU.ActiveCfg = Debug|Any CPU
		{E4326FF0-F6B7-41EE-A745-004C3690281E}.Debug|Any CPU.Build.0 = Debug|Any CPU
		{E4326FF0-F6B7-41EE-A745-004C3690281E}.Release|Any CPU.ActiveCfg = Release|Any CPU
		{E4326FF0-F6B7-41EE-A745-004C3690281E}.Release|Any CPU.Build.0 = Release|Any CPU
		{ABC8F84B-7F2F-443F-81B7-A9F98B399F19}.Debug|Any CPU.ActiveCfg = Debug|Any CPU
		{ABC8F84B-7F2F-443F-81B7-A9F98B399F19}.Debug|Any CPU.Build.0 = Debug|Any CPU
		{ABC8F84B-7F2F-443F-81B7-A9F98B399F19}.Release|Any CPU.ActiveCfg = Release|Any CPU
		{ABC8F84B-7F2F-443F-81B7-A9F98B399F19}.Release|Any CPU.Build.0 = Release|Any CPU
		{FCCA94B7-6E16-4C4A-AF66-48598C134DEF}.Debug|Any CPU.ActiveCfg = Debug|Any CPU
		{FCCA94B7-6E16-4C4A-AF66-48598C134DEF}.Debug|Any CPU.Build.0 = Debug|Any CPU
		{FCCA94B7-6E16-4C4A-AF66-48598C134DEF}.Release|Any CPU.ActiveCfg = Release|Any CPU
		{FCCA94B7-6E16-4C4A-AF66-48598C134DEF}.Release|Any CPU.Build.0 = Release|Any CPU
		{29E95E30-5547-409E-B506-5FE96EFFD200}.Debug|Any CPU.ActiveCfg = Debug|Any CPU
		{29E95E30-5547-409E-B506-5FE96EFFD200}.Debug|Any CPU.Build.0 = Debug|Any CPU
		{29E95E30-5547-409E-B506-5FE96EFFD200}.Release|Any CPU.ActiveCfg = Release|Any CPU
		{29E95E30-5547-409E-B506-5FE96EFFD200}.Release|Any CPU.Build.0 = Release|Any CPU
		{CAC549A6-5459-443C-A0C7-5960D639BE8B}.Debug|Any CPU.ActiveCfg = Debug|Any CPU
		{CAC549A6-5459-443C-A0C7-5960D639BE8B}.Debug|Any CPU.Build.0 = Debug|Any CPU
		{CAC549A6-5459-443C-A0C7-5960D639BE8B}.Release|Any CPU.ActiveCfg = Release|Any CPU
		{CAC549A6-5459-443C-A0C7-5960D639BE8B}.Release|Any CPU.Build.0 = Release|Any CPU
		{A0DDA72A-5BB0-4A90-9A0A-184F1499036B}.Debug|Any CPU.ActiveCfg = Debug|Any CPU
		{A0DDA72A-5BB0-4A90-9A0A-184F1499036B}.Debug|Any CPU.Build.0 = Debug|Any CPU
		{A0DDA72A-5BB0-4A90-9A0A-184F1499036B}.Release|Any CPU.ActiveCfg = Release|Any CPU
		{A0DDA72A-5BB0-4A90-9A0A-184F1499036B}.Release|Any CPU.Build.0 = Release|Any CPU
		{0680534E-A80A-4F0E-AA7E-F08048C2D9E5}.Debug|Any CPU.ActiveCfg = Debug|Any CPU
		{0680534E-A80A-4F0E-AA7E-F08048C2D9E5}.Debug|Any CPU.Build.0 = Debug|Any CPU
		{0680534E-A80A-4F0E-AA7E-F08048C2D9E5}.Release|Any CPU.ActiveCfg = Release|Any CPU
		{0680534E-A80A-4F0E-AA7E-F08048C2D9E5}.Release|Any CPU.Build.0 = Release|Any CPU
		{F8B1354E-A634-4741-9560-FA4B7D81148A}.Debug|Any CPU.ActiveCfg = Debug|Any CPU
		{F8B1354E-A634-4741-9560-FA4B7D81148A}.Debug|Any CPU.Build.0 = Debug|Any CPU
		{F8B1354E-A634-4741-9560-FA4B7D81148A}.Release|Any CPU.ActiveCfg = Release|Any CPU
		{F8B1354E-A634-4741-9560-FA4B7D81148A}.Release|Any CPU.Build.0 = Release|Any CPU
		{FC2C19ED-E774-48C5-BB72-4AC81581347B}.Debug|Any CPU.ActiveCfg = Debug|Any CPU
		{FC2C19ED-E774-48C5-BB72-4AC81581347B}.Debug|Any CPU.Build.0 = Debug|Any CPU
		{FC2C19ED-E774-48C5-BB72-4AC81581347B}.Release|Any CPU.ActiveCfg = Release|Any CPU
		{FC2C19ED-E774-48C5-BB72-4AC81581347B}.Release|Any CPU.Build.0 = Release|Any CPU
		{280760D0-D3DD-45AF-B01C-13A75BA486D3}.Debug|Any CPU.ActiveCfg = Debug|Any CPU
		{280760D0-D3DD-45AF-B01C-13A75BA486D3}.Debug|Any CPU.Build.0 = Debug|Any CPU
		{280760D0-D3DD-45AF-B01C-13A75BA486D3}.Release|Any CPU.ActiveCfg = Release|Any CPU
		{280760D0-D3DD-45AF-B01C-13A75BA486D3}.Release|Any CPU.Build.0 = Release|Any CPU
		{2F97FF0F-F92A-4EC6-A7A5-5C269E65CE97}.Debug|Any CPU.ActiveCfg = Debug|Any CPU
		{2F97FF0F-F92A-4EC6-A7A5-5C269E65CE97}.Debug|Any CPU.Build.0 = Debug|Any CPU
		{2F97FF0F-F92A-4EC6-A7A5-5C269E65CE97}.Release|Any CPU.ActiveCfg = Release|Any CPU
		{2F97FF0F-F92A-4EC6-A7A5-5C269E65CE97}.Release|Any CPU.Build.0 = Release|Any CPU
		{F72D471B-F724-4B03-B57B-0B22C9314D4A}.Debug|Any CPU.ActiveCfg = Debug|Any CPU
		{F72D471B-F724-4B03-B57B-0B22C9314D4A}.Debug|Any CPU.Build.0 = Debug|Any CPU
		{F72D471B-F724-4B03-B57B-0B22C9314D4A}.Release|Any CPU.ActiveCfg = Release|Any CPU
		{F72D471B-F724-4B03-B57B-0B22C9314D4A}.Release|Any CPU.Build.0 = Release|Any CPU
		{D91D5A84-A97E-4A76-A1CD-9AB2DE164125}.Debug|Any CPU.ActiveCfg = Debug|Any CPU
		{D91D5A84-A97E-4A76-A1CD-9AB2DE164125}.Debug|Any CPU.Build.0 = Debug|Any CPU
		{D91D5A84-A97E-4A76-A1CD-9AB2DE164125}.Release|Any CPU.ActiveCfg = Release|Any CPU
		{D91D5A84-A97E-4A76-A1CD-9AB2DE164125}.Release|Any CPU.Build.0 = Release|Any CPU
		{3A02193A-DE1E-4EF1-8EBD-ACB6E7D316A4}.Debug|Any CPU.ActiveCfg = Debug|Any CPU
		{3A02193A-DE1E-4EF1-8EBD-ACB6E7D316A4}.Debug|Any CPU.Build.0 = Debug|Any CPU
		{3A02193A-DE1E-4EF1-8EBD-ACB6E7D316A4}.Release|Any CPU.ActiveCfg = Release|Any CPU
		{3A02193A-DE1E-4EF1-8EBD-ACB6E7D316A4}.Release|Any CPU.Build.0 = Release|Any CPU
		{84B556E7-ABD6-4F38-AE0B-C20448E7823C}.Debug|Any CPU.ActiveCfg = Debug|Any CPU
		{84B556E7-ABD6-4F38-AE0B-C20448E7823C}.Debug|Any CPU.Build.0 = Debug|Any CPU
		{84B556E7-ABD6-4F38-AE0B-C20448E7823C}.Release|Any CPU.ActiveCfg = Release|Any CPU
		{84B556E7-ABD6-4F38-AE0B-C20448E7823C}.Release|Any CPU.Build.0 = Release|Any CPU
		{E517BA57-0C22-4C6A-9E4D-2D1C66E65666}.Debug|Any CPU.ActiveCfg = Debug|Any CPU
		{E517BA57-0C22-4C6A-9E4D-2D1C66E65666}.Debug|Any CPU.Build.0 = Debug|Any CPU
		{E517BA57-0C22-4C6A-9E4D-2D1C66E65666}.Release|Any CPU.ActiveCfg = Release|Any CPU
		{E517BA57-0C22-4C6A-9E4D-2D1C66E65666}.Release|Any CPU.Build.0 = Release|Any CPU
		{36CFA3C0-6FDB-49DE-BDF5-AC3980636A88}.Debug|Any CPU.ActiveCfg = Debug|Any CPU
		{36CFA3C0-6FDB-49DE-BDF5-AC3980636A88}.Debug|Any CPU.Build.0 = Debug|Any CPU
		{36CFA3C0-6FDB-49DE-BDF5-AC3980636A88}.Release|Any CPU.ActiveCfg = Release|Any CPU
		{36CFA3C0-6FDB-49DE-BDF5-AC3980636A88}.Release|Any CPU.Build.0 = Release|Any CPU
		{CE4C99C7-09F4-47D0-AD68-3A48CB430FC9}.Debug|Any CPU.ActiveCfg = Debug|Any CPU
		{CE4C99C7-09F4-47D0-AD68-3A48CB430FC9}.Debug|Any CPU.Build.0 = Debug|Any CPU
		{CE4C99C7-09F4-47D0-AD68-3A48CB430FC9}.Release|Any CPU.ActiveCfg = Release|Any CPU
		{CE4C99C7-09F4-47D0-AD68-3A48CB430FC9}.Release|Any CPU.Build.0 = Release|Any CPU
		{B2C4659A-302C-4388-B18D-15A465D725FC}.Debug|Any CPU.ActiveCfg = Debug|Any CPU
		{B2C4659A-302C-4388-B18D-15A465D725FC}.Debug|Any CPU.Build.0 = Debug|Any CPU
		{B2C4659A-302C-4388-B18D-15A465D725FC}.Release|Any CPU.ActiveCfg = Release|Any CPU
		{B2C4659A-302C-4388-B18D-15A465D725FC}.Release|Any CPU.Build.0 = Release|Any CPU
		{3B040E73-C250-44C6-AE56-C8DFE6049649}.Debug|Any CPU.ActiveCfg = Debug|Any CPU
		{3B040E73-C250-44C6-AE56-C8DFE6049649}.Debug|Any CPU.Build.0 = Debug|Any CPU
		{3B040E73-C250-44C6-AE56-C8DFE6049649}.Release|Any CPU.ActiveCfg = Release|Any CPU
		{3B040E73-C250-44C6-AE56-C8DFE6049649}.Release|Any CPU.Build.0 = Release|Any CPU
		{76D5BB15-AEAC-44FD-96AA-D06908D23EA2}.Debug|Any CPU.ActiveCfg = Debug|Any CPU
		{76D5BB15-AEAC-44FD-96AA-D06908D23EA2}.Debug|Any CPU.Build.0 = Debug|Any CPU
		{76D5BB15-AEAC-44FD-96AA-D06908D23EA2}.Release|Any CPU.ActiveCfg = Release|Any CPU
		{76D5BB15-AEAC-44FD-96AA-D06908D23EA2}.Release|Any CPU.Build.0 = Release|Any CPU
		{56C4D696-544C-44E0-A72A-5B9ABC696F5D}.Debug|Any CPU.ActiveCfg = Debug|Any CPU
		{56C4D696-544C-44E0-A72A-5B9ABC696F5D}.Debug|Any CPU.Build.0 = Debug|Any CPU
		{56C4D696-544C-44E0-A72A-5B9ABC696F5D}.Release|Any CPU.ActiveCfg = Release|Any CPU
		{56C4D696-544C-44E0-A72A-5B9ABC696F5D}.Release|Any CPU.Build.0 = Release|Any CPU
		{6F5B92F0-3A99-4B22-92E0-4056455CCB59}.Debug|Any CPU.ActiveCfg = Debug|Any CPU
		{6F5B92F0-3A99-4B22-92E0-4056455CCB59}.Debug|Any CPU.Build.0 = Debug|Any CPU
		{6F5B92F0-3A99-4B22-92E0-4056455CCB59}.Release|Any CPU.ActiveCfg = Release|Any CPU
		{6F5B92F0-3A99-4B22-92E0-4056455CCB59}.Release|Any CPU.Build.0 = Release|Any CPU
	EndGlobalSection
	GlobalSection(SolutionProperties) = preSolution
		HideSolutionNode = FALSE
	EndGlobalSection
	GlobalSection(NestedProjects) = preSolution
		{4BDC366B-46AF-434B-8167-A2C6C40416C3} = {67695390-F6A6-42F7-9943-C9AF46CBC7A0}
		{E4326FF0-F6B7-41EE-A745-004C3690281E} = {67695390-F6A6-42F7-9943-C9AF46CBC7A0}
		{ABC8F84B-7F2F-443F-81B7-A9F98B399F19} = {67695390-F6A6-42F7-9943-C9AF46CBC7A0}
		{FCCA94B7-6E16-4C4A-AF66-48598C134DEF} = {67695390-F6A6-42F7-9943-C9AF46CBC7A0}
		{29E95E30-5547-409E-B506-5FE96EFFD200} = {67695390-F6A6-42F7-9943-C9AF46CBC7A0}
		{CAC549A6-5459-443C-A0C7-5960D639BE8B} = {67695390-F6A6-42F7-9943-C9AF46CBC7A0}
		{A0DDA72A-5BB0-4A90-9A0A-184F1499036B} = {67695390-F6A6-42F7-9943-C9AF46CBC7A0}
		{0680534E-A80A-4F0E-AA7E-F08048C2D9E5} = {67695390-F6A6-42F7-9943-C9AF46CBC7A0}
		{F8B1354E-A634-4741-9560-FA4B7D81148A} = {67695390-F6A6-42F7-9943-C9AF46CBC7A0}
		{FC2C19ED-E774-48C5-BB72-4AC81581347B} = {67695390-F6A6-42F7-9943-C9AF46CBC7A0}
		{280760D0-D3DD-45AF-B01C-13A75BA486D3} = {67695390-F6A6-42F7-9943-C9AF46CBC7A0}
		{2F97FF0F-F92A-4EC6-A7A5-5C269E65CE97} = {67695390-F6A6-42F7-9943-C9AF46CBC7A0}
		{F72D471B-F724-4B03-B57B-0B22C9314D4A} = {67695390-F6A6-42F7-9943-C9AF46CBC7A0}
		{D91D5A84-A97E-4A76-A1CD-9AB2DE164125} = {67695390-F6A6-42F7-9943-C9AF46CBC7A0}
		{3A02193A-DE1E-4EF1-8EBD-ACB6E7D316A4} = {67695390-F6A6-42F7-9943-C9AF46CBC7A0}
		{84B556E7-ABD6-4F38-AE0B-C20448E7823C} = {67695390-F6A6-42F7-9943-C9AF46CBC7A0}
		{E517BA57-0C22-4C6A-9E4D-2D1C66E65666} = {76BBE6A5-82EF-4AFA-890A-CC2DF51FADC3}
		{36CFA3C0-6FDB-49DE-BDF5-AC3980636A88} = {76BBE6A5-82EF-4AFA-890A-CC2DF51FADC3}
		{CE4C99C7-09F4-47D0-AD68-3A48CB430FC9} = {76BBE6A5-82EF-4AFA-890A-CC2DF51FADC3}
		{B2C4659A-302C-4388-B18D-15A465D725FC} = {76BBE6A5-82EF-4AFA-890A-CC2DF51FADC3}
		{3B040E73-C250-44C6-AE56-C8DFE6049649} = {D75A8E4E-9425-4BD2-903E-DA46359BFEE3}
		{76D5BB15-AEAC-44FD-96AA-D06908D23EA2} = {D75A8E4E-9425-4BD2-903E-DA46359BFEE3}
		{56C4D696-544C-44E0-A72A-5B9ABC696F5D} = {D75A8E4E-9425-4BD2-903E-DA46359BFEE3}
		{6F5B92F0-3A99-4B22-92E0-4056455CCB59} = {D75A8E4E-9425-4BD2-903E-DA46359BFEE3}
	EndGlobalSection
	GlobalSection(ExtensibilityGlobals) = postSolution
		SolutionGuid = {A1D9A089-DBD6-46E2-ABB5-895D327CF449}
	EndGlobalSection
EndGlobal
